
Microsoft Visual Studio Solution File, Format Version 12.00
# Visual Studio Version 16
VisualStudioVersion = 16.0.30611.23
MinimumVisualStudioVersion = 10.0.40219.1
Project("{FAE04EC0-301F-11D3-BF4B-00C04F79EFBC}") = "BookListMVC", "BookListMVC\BookListMVC.csproj", "{55D50561-A5AD-46D3-A1A0-277F0B5B3236}"
EndProject
Global
	GlobalSection(SolutionConfigurationPlatforms) = preSolution
		Debug|Any CPU = Debug|Any CPU
		Release|Any CPU = Release|Any CPU
	EndGlobalSection
	GlobalSection(ProjectConfigurationPlatforms) = postSolution
		{55D50561-A5AD-46D3-A1A0-277F0B5B3236}.Debug|Any CPU.ActiveCfg = Debug|Any CPU
		{55D50561-A5AD-46D3-A1A0-277F0B5B3236}.Debug|Any CPU.Build.0 = Debug|Any CPU
		{55D50561-A5AD-46D3-A1A0-277F0B5B3236}.Release|Any CPU.ActiveCfg = Release|Any CPU
		{55D50561-A5AD-46D3-A1A0-277F0B5B3236}.Release|Any CPU.Build.0 = Release|Any CPU
	EndGlobalSection
	GlobalSection(SolutionProperties) = preSolution
		HideSolutionNode = FALSE
	EndGlobalSection
	GlobalSection(ExtensibilityGlobals) = postSolution
		SolutionGuid = {9C60F2DE-F7A9-4226-BE93-6562D8597512}
	EndGlobalSection
EndGlobal
